
Microsoft Visual Studio Solution File, Format Version 12.00
# Visual Studio Version 17
VisualStudioVersion = 17.7.34024.191
MinimumVisualStudioVersion = 10.0.40219.1
Project("{8BC9CEB8-8B4A-11D0-8D11-00A0C91BC942}") = "Menu", "Menu.vcxproj", "{E1720CE6-84E7-47A6-9BC5-FF1E914F6E10}"
EndProject
Global
	GlobalSection(SolutionConfigurationPlatforms) = preSolution
		Debug|x64 = Debug|x64
		Debug|x86 = Debug|x86
		Release|x64 = Release|x64
		Release|x86 = Release|x86
	EndGlobalSection
	GlobalSection(ProjectConfigurationPlatforms) = postSolution
		{E1720CE6-84E7-47A6-9BC5-FF1E914F6E10}.Debug|x64.ActiveCfg = Debug|x64
		{E1720CE6-84E7-47A6-9BC5-FF1E914F6E10}.Debug|x64.Build.0 = Debug|x64
		{E1720CE6-84E7-47A6-9BC5-FF1E914F6E10}.Debug|x86.ActiveCfg = Debug|Win32
		{E1720CE6-84E7-47A6-9BC5-FF1E914F6E10}.Debug|x86.Build.0 = Debug|Win32
		{E1720CE6-84E7-47A6-9BC5-FF1E914F6E10}.Release|x64.ActiveCfg = Release|x64
		{E1720CE6-84E7-47A6-9BC5-FF1E914F6E10}.Release|x64.Build.0 = Release|x64
		{E1720CE6-84E7-47A6-9BC5-FF1E914F6E10}.Release|x86.ActiveCfg = Release|Win32
		{E1720CE6-84E7-47A6-9BC5-FF1E914F6E10}.Release|x86.Build.0 = Release|Win32
	EndGlobalSection
	GlobalSection(SolutionProperties) = preSolution
		HideSolutionNode = FALSE
	EndGlobalSection
	GlobalSection(ExtensibilityGlobals) = postSolution
		SolutionGuid = {5D33FCF0-0155-4B80-A899-3726A353E2EF}
	EndGlobalSection
EndGlobal
